
Microsoft Visual Studio Solution File, Format Version 12.00
# Visual Studio Version 17
VisualStudioVersion = 17.4.33213.308
MinimumVisualStudioVersion = 10.0.40219.1
Project("{FAE04EC0-301F-11D3-BF4B-00C04F79EFBC}") = "Kullanıcı adı şifre girişi formlar arası geçiş", "Kullanıcı adı şifre girişi formlar arası geçiş.csproj", "{1F757FCA-C3D8-4211-9192-8929D89AF6EA}"
EndProject
Global
	GlobalSection(SolutionConfigurationPlatforms) = preSolution
		Debug|Any CPU = Debug|Any CPU
		Release|Any CPU = Release|Any CPU
	EndGlobalSection
	GlobalSection(ProjectConfigurationPlatforms) = postSolution
		{1F757FCA-C3D8-4211-9192-8929D89AF6EA}.Debug|Any CPU.ActiveCfg = Debug|Any CPU
		{1F757FCA-C3D8-4211-9192-8929D89AF6EA}.Debug|Any CPU.Build.0 = Debug|Any CPU
		{1F757FCA-C3D8-4211-9192-8929D89AF6EA}.Release|Any CPU.ActiveCfg = Release|Any CPU
		{1F757FCA-C3D8-4211-9192-8929D89AF6EA}.Release|Any CPU.Build.0 = Release|Any CPU
	EndGlobalSection
	GlobalSection(SolutionProperties) = preSolution
		HideSolutionNode = FALSE
	EndGlobalSection
	GlobalSection(ExtensibilityGlobals) = postSolution
		SolutionGuid = {49B08838-CDF9-4168-A945-A992F374CB4C}
	EndGlobalSection
EndGlobal
